
Microsoft Visual Studio Solution File, Format Version 12.00
# Visual Studio Version 16
VisualStudioVersion = 16.0.29613.14
MinimumVisualStudioVersion = 10.0.40219.1
Project("{9A19103F-16F7-4668-BE54-9A1E7A4F7556}") = "kkato233.github.io.www", "src\kkato233.github.io.www.csproj", "{C3844568-6C84-4F16-9D7B-41B44DE04310}"
EndProject
Project("{2150E333-8FDC-42A3-9474-1A3956D46DE8}") = "Solution Items", "Solution Items", "{995C6092-45CE-452B-816B-DAA7E1AF5517}"
	ProjectSection(SolutionItems) = preProject
		readme.md = readme.md
	EndProjectSection
EndProject
Global
	GlobalSection(SolutionConfigurationPlatforms) = preSolution
		Debug|Any CPU = Debug|Any CPU
		Release|Any CPU = Release|Any CPU
	EndGlobalSection
	GlobalSection(ProjectConfigurationPlatforms) = postSolution
		{C3844568-6C84-4F16-9D7B-41B44DE04310}.Debug|Any CPU.ActiveCfg = Debug|Any CPU
		{C3844568-6C84-4F16-9D7B-41B44DE04310}.Debug|Any CPU.Build.0 = Debug|Any CPU
		{C3844568-6C84-4F16-9D7B-41B44DE04310}.Release|Any CPU.ActiveCfg = Release|Any CPU
		{C3844568-6C84-4F16-9D7B-41B44DE04310}.Release|Any CPU.Build.0 = Release|Any CPU
	EndGlobalSection
	GlobalSection(SolutionProperties) = preSolution
		HideSolutionNode = FALSE
	EndGlobalSection
	GlobalSection(ExtensibilityGlobals) = postSolution
		SolutionGuid = {FB70F9A0-31D1-4399-A315-AEF30EB52866}
	EndGlobalSection
EndGlobal
